
Microsoft Visual Studio Solution File, Format Version 12.00
Project("{FAE04EC0-301F-11D3-BF4B-00C04F79EFBC}") = "PemToolkit.Library", "PemToolkit.Library\PemToolkit.Library.csproj", "{B9AE803C-5D16-442B-BE52-63CA1D3E3D1C}"
EndProject
Project("{FAE04EC0-301F-11D3-BF4B-00C04F79EFBC}") = "PemToolkit.Test", "PemToolkit.Test\PemToolkit.Test.csproj", "{B5C372E8-4F51-445C-AC30-E0CC577506FB}"
EndProject
Global
	GlobalSection(SolutionConfigurationPlatforms) = preSolution
		Debug|Any CPU = Debug|Any CPU
		Release|Any CPU = Release|Any CPU
	EndGlobalSection
	GlobalSection(ProjectConfigurationPlatforms) = postSolution
		{B9AE803C-5D16-442B-BE52-63CA1D3E3D1C}.Debug|Any CPU.ActiveCfg = Debug|Any CPU
		{B9AE803C-5D16-442B-BE52-63CA1D3E3D1C}.Debug|Any CPU.Build.0 = Debug|Any CPU
		{B9AE803C-5D16-442B-BE52-63CA1D3E3D1C}.Release|Any CPU.ActiveCfg = Release|Any CPU
		{B9AE803C-5D16-442B-BE52-63CA1D3E3D1C}.Release|Any CPU.Build.0 = Release|Any CPU
		{B5C372E8-4F51-445C-AC30-E0CC577506FB}.Debug|Any CPU.ActiveCfg = Debug|Any CPU
		{B5C372E8-4F51-445C-AC30-E0CC577506FB}.Debug|Any CPU.Build.0 = Debug|Any CPU
		{B5C372E8-4F51-445C-AC30-E0CC577506FB}.Release|Any CPU.ActiveCfg = Release|Any CPU
		{B5C372E8-4F51-445C-AC30-E0CC577506FB}.Release|Any CPU.Build.0 = Release|Any CPU
	EndGlobalSection
EndGlobal
